
Microsoft Visual Studio Solution File, Format Version 12.00
# Visual Studio Version 17
VisualStudioVersion = 17.0.31903.59
MinimumVisualStudioVersion = 10.0.40219.1
Project("{FAE04EC0-301F-11D3-BF4B-00C04F79EFBC}") = "Sudoku", "Sudoku\Sudoku.csproj", "{E259A365-89D9-4DFC-807E-3BE06B22CBB7}"
EndProject
Project("{FAE04EC0-301F-11D3-BF4B-00C04F79EFBC}") = "Sudoku.Test", "Sudoku.Test\Sudoku.Test.csproj", "{BA83457B-F3CA-42FA-9403-093DB8358A4B}"
EndProject
Global
	GlobalSection(SolutionConfigurationPlatforms) = preSolution
		Debug|Any CPU = Debug|Any CPU
		Debug|x64 = Debug|x64
		Debug|x86 = Debug|x86
		Release|Any CPU = Release|Any CPU
		Release|x64 = Release|x64
		Release|x86 = Release|x86
	EndGlobalSection
	GlobalSection(ProjectConfigurationPlatforms) = postSolution
		{E259A365-89D9-4DFC-807E-3BE06B22CBB7}.Debug|Any CPU.ActiveCfg = Debug|Any CPU
		{E259A365-89D9-4DFC-807E-3BE06B22CBB7}.Debug|Any CPU.Build.0 = Debug|Any CPU
		{E259A365-89D9-4DFC-807E-3BE06B22CBB7}.Debug|x64.ActiveCfg = Debug|Any CPU
		{E259A365-89D9-4DFC-807E-3BE06B22CBB7}.Debug|x64.Build.0 = Debug|Any CPU
		{E259A365-89D9-4DFC-807E-3BE06B22CBB7}.Debug|x86.ActiveCfg = Debug|Any CPU
		{E259A365-89D9-4DFC-807E-3BE06B22CBB7}.Debug|x86.Build.0 = Debug|Any CPU
		{E259A365-89D9-4DFC-807E-3BE06B22CBB7}.Release|Any CPU.ActiveCfg = Release|Any CPU
		{E259A365-89D9-4DFC-807E-3BE06B22CBB7}.Release|Any CPU.Build.0 = Release|Any CPU
		{E259A365-89D9-4DFC-807E-3BE06B22CBB7}.Release|x64.ActiveCfg = Release|Any CPU
		{E259A365-89D9-4DFC-807E-3BE06B22CBB7}.Release|x64.Build.0 = Release|Any CPU
		{E259A365-89D9-4DFC-807E-3BE06B22CBB7}.Release|x86.ActiveCfg = Release|Any CPU
		{E259A365-89D9-4DFC-807E-3BE06B22CBB7}.Release|x86.Build.0 = Release|Any CPU
		{BA83457B-F3CA-42FA-9403-093DB8358A4B}.Debug|Any CPU.ActiveCfg = Debug|Any CPU
		{BA83457B-F3CA-42FA-9403-093DB8358A4B}.Debug|Any CPU.Build.0 = Debug|Any CPU
		{BA83457B-F3CA-42FA-9403-093DB8358A4B}.Debug|x64.ActiveCfg = Debug|Any CPU
		{BA83457B-F3CA-42FA-9403-093DB8358A4B}.Debug|x64.Build.0 = Debug|Any CPU
		{BA83457B-F3CA-42FA-9403-093DB8358A4B}.Debug|x86.ActiveCfg = Debug|Any CPU
		{BA83457B-F3CA-42FA-9403-093DB8358A4B}.Debug|x86.Build.0 = Debug|Any CPU
		{BA83457B-F3CA-42FA-9403-093DB8358A4B}.Release|Any CPU.ActiveCfg = Release|Any CPU
		{BA83457B-F3CA-42FA-9403-093DB8358A4B}.Release|Any CPU.Build.0 = Release|Any CPU
		{BA83457B-F3CA-42FA-9403-093DB8358A4B}.Release|x64.ActiveCfg = Release|Any CPU
		{BA83457B-F3CA-42FA-9403-093DB8358A4B}.Release|x64.Build.0 = Release|Any CPU
		{BA83457B-F3CA-42FA-9403-093DB8358A4B}.Release|x86.ActiveCfg = Release|Any CPU
		{BA83457B-F3CA-42FA-9403-093DB8358A4B}.Release|x86.Build.0 = Release|Any CPU
	EndGlobalSection
	GlobalSection(SolutionProperties) = preSolution
		HideSolutionNode = FALSE
	EndGlobalSection
EndGlobal
